
Microsoft Visual Studio Solution File, Format Version 12.00
# Visual Studio Version 17
VisualStudioVersion = 17.13.35919.96 d17.13
MinimumVisualStudioVersion = 10.0.40219.1
Project("{FAE04EC0-301F-11D3-BF4B-00C04F79EFBC}") = "LibraryWebAPI", "LibraryWebAPI\LibraryWebAPI.csproj", "{9E4EBE89-A2F0-48E5-9ABE-DF3B5839C0EA}"
EndProject
Project("{FAE04EC0-301F-11D3-BF4B-00C04F79EFBC}") = "LibraryUI", "LibraryUI\LibraryUI.csproj", "{24378D0A-41DB-4AB7-AAAD-FD03C97D5D9D}"
EndProject
Global
	GlobalSection(SolutionConfigurationPlatforms) = preSolution
		Debug|Any CPU = Debug|Any CPU
		Release|Any CPU = Release|Any CPU
	EndGlobalSection
	GlobalSection(ProjectConfigurationPlatforms) = postSolution
		{9E4EBE89-A2F0-48E5-9ABE-DF3B5839C0EA}.Debug|Any CPU.ActiveCfg = Debug|Any CPU
		{9E4EBE89-A2F0-48E5-9ABE-DF3B5839C0EA}.Debug|Any CPU.Build.0 = Debug|Any CPU
		{9E4EBE89-A2F0-48E5-9ABE-DF3B5839C0EA}.Release|Any CPU.ActiveCfg = Release|Any CPU
		{9E4EBE89-A2F0-48E5-9ABE-DF3B5839C0EA}.Release|Any CPU.Build.0 = Release|Any CPU
		{24378D0A-41DB-4AB7-AAAD-FD03C97D5D9D}.Debug|Any CPU.ActiveCfg = Debug|Any CPU
		{24378D0A-41DB-4AB7-AAAD-FD03C97D5D9D}.Debug|Any CPU.Build.0 = Debug|Any CPU
		{24378D0A-41DB-4AB7-AAAD-FD03C97D5D9D}.Release|Any CPU.ActiveCfg = Release|Any CPU
		{24378D0A-41DB-4AB7-AAAD-FD03C97D5D9D}.Release|Any CPU.Build.0 = Release|Any CPU
	EndGlobalSection
	GlobalSection(SolutionProperties) = preSolution
		HideSolutionNode = FALSE
	EndGlobalSection
	GlobalSection(ExtensibilityGlobals) = postSolution
		SolutionGuid = {E0ADF929-EDCC-41B5-BE9B-1F31880C759C}
	EndGlobalSection
EndGlobal
